// !$*UTF8*$!
{
	archiveVersion = 1;
	classes = {
	};
	objectVersion = 46;
	objects = {

/* Begin PBXBuildFile section */
		010B67881829F77F005C9B4B /* NoAnimationModalSegue.m in Sources */ = {isa = PBXBuildFile; fileRef = 010B67871829F77F005C9B4B /* NoAnimationModalSegue.m */; };
		010CED09183C42FA00764A39 /* EndGameViewController.m in Sources */ = {isa = PBXBuildFile; fileRef = 010CED08183C42FA00764A39 /* EndGameViewController.m */; };
		010CED0C183C4AA300764A39 /* youlose.png in Resources */ = {isa = PBXBuildFile; fileRef = 010CED0A183C4AA300764A39 /* youlose.png */; };
		010CED0D183C4AA300764A39 /* youwin1.png in Resources */ = {isa = PBXBuildFile; fileRef = 010CED0B183C4AA300764A39 /* youwin1.png */; };
		011124F518297E3300254757 /* Foundation.framework in Frameworks */ = {isa = PBXBuildFile; fileRef = 011124F418297E3300254757 /* Foundation.framework */; };
		011124F718297E3400254757 /* CoreGraphics.framework in Frameworks */ = {isa = PBXBuildFile; fileRef = 011124F618297E3400254757 /* CoreGraphics.framework */; };
		011124F918297E3400254757 /* UIKit.framework in Frameworks */ = {isa = PBXBuildFile; fileRef = 011124F818297E3400254757 /* UIKit.framework */; };
		011124FF18297E3400254757 /* InfoPlist.strings in Resources */ = {isa = PBXBuildFile; fileRef = 011124FD18297E3400254757 /* InfoPlist.strings */; };
		0111250118297E3400254757 /* main.m in Sources */ = {isa = PBXBuildFile; fileRef = 0111250018297E3400254757 /* main.m */; };
		0111250518297E3400254757 /* EnemyUnknownAppDelegate.m in Sources */ = {isa = PBXBuildFile; fileRef = 0111250418297E3400254757 /* EnemyUnknownAppDelegate.m */; };
		0111250818297E3400254757 /* Main_iPhone.storyboard in Resources */ = {isa = PBXBuildFile; fileRef = 0111250618297E3400254757 /* Main_iPhone.storyboard */; };
		0111250B18297E3400254757 /* Main_iPad.storyboard in Resources */ = {isa = PBXBuildFile; fileRef = 0111250918297E3400254757 /* Main_iPad.storyboard */; };
		0111251018297E3400254757 /* Images.xcassets in Resources */ = {isa = PBXBuildFile; fileRef = 0111250F18297E3400254757 /* Images.xcassets */; };
		0111252F18298AE800254757 /* MediaPlayer.framework in Frameworks */ = {isa = PBXBuildFile; fileRef = 0111252E18298AE800254757 /* MediaPlayer.framework */; };
		0111253F18299A5200254757 /* TrailerViewController.m in Sources */ = {isa = PBXBuildFile; fileRef = 0111253D18299A5200254757 /* TrailerViewController.m */; };
		011125461829A4F100254757 /* demo.m4v in Resources */ = {isa = PBXBuildFile; fileRef = 011125451829A4F100254757 /* demo.m4v */; };
		011D6FD21836955A00463BBF /* AVFoundation.framework in Frameworks */ = {isa = PBXBuildFile; fileRef = 011D6FD11836955A00463BBF /* AVFoundation.framework */; };
		011D6FD41836962900463BBF /* AudioToolbox.framework in Frameworks */ = {isa = PBXBuildFile; fileRef = 011D6FD31836962900463BBF /* AudioToolbox.framework */; };
		011D6FDA183697CC00463BBF /* menu.mp3 in Resources */ = {isa = PBXBuildFile; fileRef = 011D6FD51836972E00463BBF /* menu.mp3 */; };
		011D6FDD1836987100463BBF /* MusicController.m in Sources */ = {isa = PBXBuildFile; fileRef = 011D6FDC1836987100463BBF /* MusicController.m */; };
		0126FEF5183C23DE008476F0 /* InAppPurchaseViewController.m in Sources */ = {isa = PBXBuildFile; fileRef = 0126FEF4183C23DE008476F0 /* InAppPurchaseViewController.m */; };
		0126FEF8183C2AC0008476F0 /* HowToPlayViewController.m in Sources */ = {isa = PBXBuildFile; fileRef = 0126FEF7183C2AC0008476F0 /* HowToPlayViewController.m */; };
		0126FEFB183C2D0D008476F0 /* AboutViewController.m in Sources */ = {isa = PBXBuildFile; fileRef = 0126FEFA183C2D0D008476F0 /* AboutViewController.m */; };
		013B07BC182ACEF300E76CBF /* GameWebViewController.m in Sources */ = {isa = PBXBuildFile; fileRef = 013B07BB182ACEF300E76CBF /* GameWebViewController.m */; };
		014039B8182C39A200FEA379 /* StoreKit.framework in Frameworks */ = {isa = PBXBuildFile; fileRef = 014039B7182C39A200FEA379 /* StoreKit.framework */; settings = {ATTRIBUTES = (Required, ); }; };
		014039BA182C3A1C00FEA379 /* GameKit.framework in Frameworks */ = {isa = PBXBuildFile; fileRef = 014039B9182C3A1C00FEA379 /* GameKit.framework */; };
		01466299182C2198005E6162 /* iAd.framework in Frameworks */ = {isa = PBXBuildFile; fileRef = 01466298182C2198005E6162 /* iAd.framework */; };
		0146629C182C2C7E005E6162 /* LobbyViewController.m in Sources */ = {isa = PBXBuildFile; fileRef = 0146629B182C2C7E005E6162 /* LobbyViewController.m */; };
		014BD24A183FF76F00863D62 /* howtoplaycamera.gif in Resources */ = {isa = PBXBuildFile; fileRef = 014BD248183FF76F00863D62 /* howtoplaycamera.gif */; };
		014BD24B183FF76F00863D62 /* howtoplaymoveattack.gif in Resources */ = {isa = PBXBuildFile; fileRef = 014BD249183FF76F00863D62 /* howtoplaymoveattack.gif */; };
		01E304C0184AF71800ECBA63 /* attack_1.mp3 in Resources */ = {isa = PBXBuildFile; fileRef = 01E304B6184AF71800ECBA63 /* attack_1.mp3 */; };
		01E304C1184AF71800ECBA63 /* attack_2.mp3 in Resources */ = {isa = PBXBuildFile; fileRef = 01E304B7184AF71800ECBA63 /* attack_2.mp3 */; };
		01E304C2184AF71800ECBA63 /* attack1.mp3 in Resources */ = {isa = PBXBuildFile; fileRef = 01E304B8184AF71800ECBA63 /* attack1.mp3 */; };
		01E304C3184AF71800ECBA63 /* attack2.mp3 in Resources */ = {isa = PBXBuildFile; fileRef = 01E304B9184AF71800ECBA63 /* attack2.mp3 */; };
		01E304C4184AF71800ECBA63 /* background.mp3 in Resources */ = {isa = PBXBuildFile; fileRef = 01E304BA184AF71800ECBA63 /* background.mp3 */; };
		01E304C5184AF71800ECBA63 /* die.mp3 in Resources */ = {isa = PBXBuildFile; fileRef = 01E304BB184AF71800ECBA63 /* die.mp3 */; };
		01E304C6184AF71800ECBA63 /* flagcap.mp3 in Resources */ = {isa = PBXBuildFile; fileRef = 01E304BC184AF71800ECBA63 /* flagcap.mp3 */; };
		01E304C7184AF71800ECBA63 /* gothit.mp3 in Resources */ = {isa = PBXBuildFile; fileRef = 01E304BD184AF71800ECBA63 /* gothit.mp3 */; };
		01E304C8184AF71800ECBA63 /* kill.mp3 in Resources */ = {isa = PBXBuildFile; fileRef = 01E304BE184AF71800ECBA63 /* kill.mp3 */; };
		01E304C9184AF71800ECBA63 /* ko.mp3 in Resources */ = {isa = PBXBuildFile; fileRef = 01E304BF184AF71800ECBA63 /* ko.mp3 */; };
		8C258152183959A2001D56B9 /* loading.jpg in Resources */ = {isa = PBXBuildFile; fileRef = 8C258151183959A2001D56B9 /* loading.jpg */; };
		8C25815418469EFF001D56B9 /* product_ids.plist in Resources */ = {isa = PBXBuildFile; fileRef = 8C25815318469EFF001D56B9 /* product_ids.plist */; };
		8C94DA2E182AD60C004F8D22 /* UIWebView+EUAdditions.m in Sources */ = {isa = PBXBuildFile; fileRef = 8C94DA2D182AD60C004F8D22 /* UIWebView+EUAdditions.m */; };
		8C94DA49182AF6EC004F8D22 /* NSObject+SBJson.m in Sources */ = {isa = PBXBuildFile; fileRef = 8C94DA31182AF6EC004F8D22 /* NSObject+SBJson.m */; };
		8C94DA4A182AF6EC004F8D22 /* SBJsonParser.m in Sources */ = {isa = PBXBuildFile; fileRef = 8C94DA34182AF6EC004F8D22 /* SBJsonParser.m */; };
		8C94DA4B182AF6EC004F8D22 /* SBJsonStreamParser.m in Sources */ = {isa = PBXBuildFile; fileRef = 8C94DA36182AF6EC004F8D22 /* SBJsonStreamParser.m */; };
		8C94DA4C182AF6EC004F8D22 /* SBJsonStreamParserAccumulator.m in Sources */ = {isa = PBXBuildFile; fileRef = 8C94DA38182AF6EC004F8D22 /* SBJsonStreamParserAccumulator.m */; };
		8C94DA4D182AF6EC004F8D22 /* SBJsonStreamParserAdapter.m in Sources */ = {isa = PBXBuildFile; fileRef = 8C94DA3A182AF6EC004F8D22 /* SBJsonStreamParserAdapter.m */; };
		8C94DA4E182AF6EC004F8D22 /* SBJsonStreamParserState.m in Sources */ = {isa = PBXBuildFile; fileRef = 8C94DA3C182AF6EC004F8D22 /* SBJsonStreamParserState.m */; };
		8C94DA4F182AF6EC004F8D22 /* SBJsonStreamWriter.m in Sources */ = {isa = PBXBuildFile; fileRef = 8C94DA3E182AF6EC004F8D22 /* SBJsonStreamWriter.m */; };
		8C94DA50182AF6EC004F8D22 /* SBJsonStreamWriterAccumulator.m in Sources */ = {isa = PBXBuildFile; fileRef = 8C94DA40182AF6EC004F8D22 /* SBJsonStreamWriterAccumulator.m */; };
		8C94DA51182AF6EC004F8D22 /* SBJsonStreamWriterState.m in Sources */ = {isa = PBXBuildFile; fileRef = 8C94DA42182AF6EC004F8D22 /* SBJsonStreamWriterState.m */; };
		8C94DA52182AF6EC004F8D22 /* SBJsonTokeniser.m in Sources */ = {isa = PBXBuildFile; fileRef = 8C94DA44182AF6EC004F8D22 /* SBJsonTokeniser.m */; };
		8C94DA53182AF6EC004F8D22 /* SBJsonUTF8Stream.m in Sources */ = {isa = PBXBuildFile; fileRef = 8C94DA46182AF6EC004F8D22 /* SBJsonUTF8Stream.m */; };
		8C94DA54182AF6EC004F8D22 /* SBJsonWriter.m in Sources */ = {isa = PBXBuildFile; fileRef = 8C94DA48182AF6EC004F8D22 /* SBJsonWriter.m */; };
		8C94DA59182C7BE0004F8D22 /* MainMenuViewController.m in Sources */ = {isa = PBXBuildFile; fileRef = 8C94DA58182C7BE0004F8D22 /* MainMenuViewController.m */; };
		8C94DA5E182C7C3C004F8D22 /* OLImage.m in Sources */ = {isa = PBXBuildFile; fileRef = 8C94DA5B182C7C3C004F8D22 /* OLImage.m */; };
		8C94DA5F182C7C3C004F8D22 /* OLImageView.m in Sources */ = {isa = PBXBuildFile; fileRef = 8C94DA5D182C7C3C004F8D22 /* OLImageView.m */; };
		8C94DA64182C8187004F8D22 /* MobileCoreServices.framework in Frameworks */ = {isa = PBXBuildFile; fileRef = 8C94DA63182C8186004F8D22 /* MobileCoreServices.framework */; };
		8C94DA68182C8324004F8D22 /* logo.gif in Resources */ = {isa = PBXBuildFile; fileRef = 8C94DA67182C8324004F8D22 /* logo.gif */; };
		8CAEA54D184C3E3300BE62BF /* bottomRow.png in Resources */ = {isa = PBXBuildFile; fileRef = 8CAEA548184C3E3300BE62BF /* bottomRow.png */; };
		8CAEA54E184C3E3300BE62BF /* gradientBackground.png in Resources */ = {isa = PBXBuildFile; fileRef = 8CAEA549184C3E3300BE62BF /* gradientBackground.png */; };
		8CAEA54F184C3E3300BE62BF /* middleRow.png in Resources */ = {isa = PBXBuildFile; fileRef = 8CAEA54A184C3E3300BE62BF /* middleRow.png */; };
		8CAEA550184C3E3300BE62BF /* topAndBottomRow.png in Resources */ = {isa = PBXBuildFile; fileRef = 8CAEA54B184C3E3300BE62BF /* topAndBottomRow.png */; };
		8CAEA551184C3E3300BE62BF /* topRow.png in Resources */ = {isa = PBXBuildFile; fileRef = 8CAEA54C184C3E3300BE62BF /* topRow.png */; };
/* End PBXBuildFile section */

/* Begin PBXFileReference section */
		010B67861829F77F005C9B4B /* NoAnimationModalSegue.h */ = {isa = PBXFileReference; fileEncoding = 4; lastKnownFileType = sourcecode.c.h; name = NoAnimationModalSegue.h; path = Controllers/NoAnimationModalSegue.h; sourceTree = "<group>"; };
		010B67871829F77F005C9B4B /* NoAnimationModalSegue.m */ = {isa = PBXFileReference; fileEncoding = 4; lastKnownFileType = sourcecode.c.objc; name = NoAnimationModalSegue.m; path = Controllers/NoAnimationModalSegue.m; sourceTree = "<group>"; };
		010CED07183C42FA00764A39 /* EndGameViewController.h */ = {isa = PBXFileReference; fileEncoding = 4; lastKnownFileType = sourcecode.c.h; name = EndGameViewController.h; path = Controllers/EndGameViewController.h; sourceTree = "<group>"; };
		010CED08183C42FA00764A39 /* EndGameViewController.m */ = {isa = PBXFileReference; fileEncoding = 4; lastKnownFileType = sourcecode.c.objc; name = EndGameViewController.m; path = Controllers/EndGameViewController.m; sourceTree = "<group>"; };
		010CED0A183C4AA300764A39 /* youlose.png */ = {isa = PBXFileReference; lastKnownFileType = image.png; name = youlose.png; path = ../youlose.png; sourceTree = "<group>"; };
		010CED0B183C4AA300764A39 /* youwin1.png */ = {isa = PBXFileReference; lastKnownFileType = image.png; name = youwin1.png; path = ../youwin1.png; sourceTree = "<group>"; };
		011124F118297E3300254757 /* Enemy Unknown.app */ = {isa = PBXFileReference; explicitFileType = wrapper.application; includeInIndex = 0; path = "Enemy Unknown.app"; sourceTree = BUILT_PRODUCTS_DIR; };
		011124F418297E3300254757 /* Foundation.framework */ = {isa = PBXFileReference; lastKnownFileType = wrapper.framework; name = Foundation.framework; path = System/Library/Frameworks/Foundation.framework; sourceTree = SDKROOT; };
		011124F618297E3400254757 /* CoreGraphics.framework */ = {isa = PBXFileReference; lastKnownFileType = wrapper.framework; name = CoreGraphics.framework; path = System/Library/Frameworks/CoreGraphics.framework; sourceTree = SDKROOT; };
		011124F818297E3400254757 /* UIKit.framework */ = {isa = PBXFileReference; lastKnownFileType = wrapper.framework; name = UIKit.framework; path = System/Library/Frameworks/UIKit.framework; sourceTree = SDKROOT; };
		011124FC18297E3400254757 /* Enemy Unknown-Info.plist */ = {isa = PBXFileReference; lastKnownFileType = text.plist.xml; path = "Enemy Unknown-Info.plist"; sourceTree = "<group>"; };
		011124FE18297E3400254757 /* en */ = {isa = PBXFileReference; lastKnownFileType = text.plist.strings; name = en; path = en.lproj/InfoPlist.strings; sourceTree = "<group>"; };
		0111250018297E3400254757 /* main.m */ = {isa = PBXFileReference; lastKnownFileType = sourcecode.c.objc; path = main.m; sourceTree = "<group>"; };
		0111250218297E3400254757 /* Enemy Unknown-Prefix.pch */ = {isa = PBXFileReference; lastKnownFileType = sourcecode.c.h; path = "Enemy Unknown-Prefix.pch"; sourceTree = "<group>"; };
		0111250318297E3400254757 /* EnemyUnknownAppDelegate.h */ = {isa = PBXFileReference; lastKnownFileType = sourcecode.c.h; path = EnemyUnknownAppDelegate.h; sourceTree = "<group>"; };
		0111250418297E3400254757 /* EnemyUnknownAppDelegate.m */ = {isa = PBXFileReference; lastKnownFileType = sourcecode.c.objc; path = EnemyUnknownAppDelegate.m; sourceTree = "<group>"; };
		0111250718297E3400254757 /* Base */ = {isa = PBXFileReference; lastKnownFileType = file.storyboard; name = Base; path = Base.lproj/Main_iPhone.storyboard; sourceTree = "<group>"; };
		0111250A18297E3400254757 /* Base */ = {isa = PBXFileReference; lastKnownFileType = file.storyboard; name = Base; path = Base.lproj/Main_iPad.storyboard; sourceTree = "<group>"; };
		0111250F18297E3400254757 /* Images.xcassets */ = {isa = PBXFileReference; lastKnownFileType = folder.assetcatalog; path = Images.xcassets; sourceTree = "<group>"; };
		0111251618297E3400254757 /* XCTest.framework */ = {isa = PBXFileReference; lastKnownFileType = wrapper.framework; name = XCTest.framework; path = Library/Frameworks/XCTest.framework; sourceTree = DEVELOPER_DIR; };
		0111252E18298AE800254757 /* MediaPlayer.framework */ = {isa = PBXFileReference; lastKnownFileType = wrapper.framework; name = MediaPlayer.framework; path = System/Library/Frameworks/MediaPlayer.framework; sourceTree = SDKROOT; };
		0111253C18299A5200254757 /* TrailerViewController.h */ = {isa = PBXFileReference; fileEncoding = 4; lastKnownFileType = sourcecode.c.h; name = TrailerViewController.h; path = Controllers/TrailerViewController.h; sourceTree = "<group>"; };
		0111253D18299A5200254757 /* TrailerViewController.m */ = {isa = PBXFileReference; fileEncoding = 4; lastKnownFileType = sourcecode.c.objc; name = TrailerViewController.m; path = Controllers/TrailerViewController.m; sourceTree = "<group>"; };
		011125451829A4F100254757 /* demo.m4v */ = {isa = PBXFileReference; lastKnownFileType = file; name = demo.m4v; path = Videos/demo.m4v; sourceTree = "<group>"; };
		011D6FD11836955A00463BBF /* AVFoundation.framework */ = {isa = PBXFileReference; lastKnownFileType = wrapper.framework; name = AVFoundation.framework; path = System/Library/Frameworks/AVFoundation.framework; sourceTree = SDKROOT; };
		011D6FD31836962900463BBF /* AudioToolbox.framework */ = {isa = PBXFileReference; lastKnownFileType = wrapper.framework; name = AudioToolbox.framework; path = System/Library/Frameworks/AudioToolbox.framework; sourceTree = SDKROOT; };
		011D6FD51836972E00463BBF /* menu.mp3 */ = {isa = PBXFileReference; lastKnownFileType = audio.mp3; name = menu.mp3; path = ../menu.mp3; sourceTree = "<group>"; };
		011D6FDB1836987100463BBF /* MusicController.h */ = {isa = PBXFileReference; fileEncoding = 4; lastKnownFileType = sourcecode.c.h; name = MusicController.h; path = Model/MusicController.h; sourceTree = "<group>"; };
		011D6FDC1836987100463BBF /* MusicController.m */ = {isa = PBXFileReference; fileEncoding = 4; lastKnownFileType = sourcecode.c.objc; name = MusicController.m; path = Model/MusicController.m; sourceTree = "<group>"; };
		0126FEF3183C23DE008476F0 /* InAppPurchaseViewController.h */ = {isa = PBXFileReference; fileEncoding = 4; lastKnownFileType = sourcecode.c.h; name = InAppPurchaseViewController.h; path = Controllers/InAppPurchaseViewController.h; sourceTree = "<group>"; };
		0126FEF4183C23DE008476F0 /* InAppPurchaseViewController.m */ = {isa = PBXFileReference; fileEncoding = 4; lastKnownFileType = sourcecode.c.objc; name = InAppPurchaseViewController.m; path = Controllers/InAppPurchaseViewController.m; sourceTree = "<group>"; };
		0126FEF6183C2AC0008476F0 /* HowToPlayViewController.h */ = {isa = PBXFileReference; fileEncoding = 4; lastKnownFileType = sourcecode.c.h; name = HowToPlayViewController.h; path = Controllers/HowToPlayViewController.h; sourceTree = "<group>"; };
		0126FEF7183C2AC0008476F0 /* HowToPlayViewController.m */ = {isa = PBXFileReference; fileEncoding = 4; lastKnownFileType = sourcecode.c.objc; name = HowToPlayViewController.m; path = Controllers/HowToPlayViewController.m; sourceTree = "<group>"; };
		0126FEF9183C2D0D008476F0 /* AboutViewController.h */ = {isa = PBXFileReference; fileEncoding = 4; lastKnownFileType = sourcecode.c.h; name = AboutViewController.h; path = Controllers/AboutViewController.h; sourceTree = "<group>"; };
		0126FEFA183C2D0D008476F0 /* AboutViewController.m */ = {isa = PBXFileReference; fileEncoding = 4; lastKnownFileType = sourcecode.c.objc; name = AboutViewController.m; path = Controllers/AboutViewController.m; sourceTree = "<group>"; };
		013B07BA182ACEF300E76CBF /* GameWebViewController.h */ = {isa = PBXFileReference; fileEncoding = 4; lastKnownFileType = sourcecode.c.h; name = GameWebViewController.h; path = Controllers/GameWebViewController.h; sourceTree = "<group>"; };
		013B07BB182ACEF300E76CBF /* GameWebViewController.m */ = {isa = PBXFileReference; fileEncoding = 4; lastKnownFileType = sourcecode.c.objc; name = GameWebViewController.m; path = Controllers/GameWebViewController.m; sourceTree = "<group>"; };
		014039B7182C39A200FEA379 /* StoreKit.framework */ = {isa = PBXFileReference; lastKnownFileType = wrapper.framework; name = StoreKit.framework; path = System/Library/Frameworks/StoreKit.framework; sourceTree = SDKROOT; };
		014039B9182C3A1C00FEA379 /* GameKit.framework */ = {isa = PBXFileReference; lastKnownFileType = wrapper.framework; name = GameKit.framework; path = System/Library/Frameworks/GameKit.framework; sourceTree = SDKROOT; };
		01466298182C2198005E6162 /* iAd.framework */ = {isa = PBXFileReference; lastKnownFileType = wrapper.framework; name = iAd.framework; path = System/Library/Frameworks/iAd.framework; sourceTree = SDKROOT; };
		0146629A182C2C7E005E6162 /* LobbyViewController.h */ = {isa = PBXFileReference; fileEncoding = 4; lastKnownFileType = sourcecode.c.h; name = LobbyViewController.h; path = Controllers/LobbyViewController.h; sourceTree = "<group>"; };
		0146629B182C2C7E005E6162 /* LobbyViewController.m */ = {isa = PBXFileReference; fileEncoding = 4; lastKnownFileType = sourcecode.c.objc; name = LobbyViewController.m; path = Controllers/LobbyViewController.m; sourceTree = "<group>"; };
		014BD248183FF76F00863D62 /* howtoplaycamera.gif */ = {isa = PBXFileReference; lastKnownFileType = image.gif; name = howtoplaycamera.gif; path = ../howtoplaycamera.gif; sourceTree = "<group>"; };
		014BD249183FF76F00863D62 /* howtoplaymoveattack.gif */ = {isa = PBXFileReference; lastKnownFileType = image.gif; name = howtoplaymoveattack.gif; path = ../howtoplaymoveattack.gif; sourceTree = "<group>"; };
		01E304B6184AF71800ECBA63 /* attack_1.mp3 */ = {isa = PBXFileReference; lastKnownFileType = audio.mp3; name = attack_1.mp3; path = ../attack_1.mp3; sourceTree = "<group>"; };
		01E304B7184AF71800ECBA63 /* attack_2.mp3 */ = {isa = PBXFileReference; lastKnownFileType = audio.mp3; name = attack_2.mp3; path = ../attack_2.mp3; sourceTree = "<group>"; };
		01E304B8184AF71800ECBA63 /* attack1.mp3 */ = {isa = PBXFileReference; lastKnownFileType = audio.mp3; name = attack1.mp3; path = ../attack1.mp3; sourceTree = "<group>"; };
		01E304B9184AF71800ECBA63 /* attack2.mp3 */ = {isa = PBXFileReference; lastKnownFileType = audio.mp3; name = attack2.mp3; path = ../attack2.mp3; sourceTree = "<group>"; };
		01E304BA184AF71800ECBA63 /* background.mp3 */ = {isa = PBXFileReference; lastKnownFileType = audio.mp3; name = background.mp3; path = ../background.mp3; sourceTree = "<group>"; };
		01E304BB184AF71800ECBA63 /* die.mp3 */ = {isa = PBXFileReference; lastKnownFileType = audio.mp3; name = die.mp3; path = ../die.mp3; sourceTree = "<group>"; };
		01E304BC184AF71800ECBA63 /* flagcap.mp3 */ = {isa = PBXFileReference; lastKnownFileType = audio.mp3; name = flagcap.mp3; path = ../flagcap.mp3; sourceTree = "<group>"; };
		01E304BD184AF71800ECBA63 /* gothit.mp3 */ = {isa = PBXFileReference; lastKnownFileType = audio.mp3; name = gothit.mp3; path = ../gothit.mp3; sourceTree = "<group>"; };
		01E304BE184AF71800ECBA63 /* kill.mp3 */ = {isa = PBXFileReference; lastKnownFileType = audio.mp3; name = kill.mp3; path = ../kill.mp3; sourceTree = "<group>"; };
		01E304BF184AF71800ECBA63 /* ko.mp3 */ = {isa = PBXFileReference; lastKnownFileType = audio.mp3; name = ko.mp3; path = ../ko.mp3; sourceTree = "<group>"; };
		8C258151183959A2001D56B9 /* loading.jpg */ = {isa = PBXFileReference; lastKnownFileType = image.jpeg; name = loading.jpg; path = ../loading.jpg; sourceTree = "<group>"; };
		8C25815318469EFF001D56B9 /* product_ids.plist */ = {isa = PBXFileReference; fileEncoding = 4; lastKnownFileType = text.plist.xml; path = product_ids.plist; sourceTree = "<group>"; };
		8C94DA2C182AD60C004F8D22 /* UIWebView+EUAdditions.h */ = {isa = PBXFileReference; fileEncoding = 4; lastKnownFileType = sourcecode.c.h; path = "UIWebView+EUAdditions.h"; sourceTree = "<group>"; };
		8C94DA2D182AD60C004F8D22 /* UIWebView+EUAdditions.m */ = {isa = PBXFileReference; fileEncoding = 4; lastKnownFileType = sourcecode.c.objc; path = "UIWebView+EUAdditions.m"; sourceTree = "<group>"; };
		8C94DA30182AF6EC004F8D22 /* NSObject+SBJson.h */ = {isa = PBXFileReference; fileEncoding = 4; lastKnownFileType = sourcecode.c.h; path = "NSObject+SBJson.h"; sourceTree = "<group>"; };
		8C94DA31182AF6EC004F8D22 /* NSObject+SBJson.m */ = {isa = PBXFileReference; fileEncoding = 4; lastKnownFileType = sourcecode.c.objc; path = "NSObject+SBJson.m"; sourceTree = "<group>"; };
		8C94DA32182AF6EC004F8D22 /* SBJson.h */ = {isa = PBXFileReference; fileEncoding = 4; lastKnownFileType = sourcecode.c.h; path = SBJson.h; sourceTree = "<group>"; };
		8C94DA33182AF6EC004F8D22 /* SBJsonParser.h */ = {isa = PBXFileReference; fileEncoding = 4; lastKnownFileType = sourcecode.c.h; path = SBJsonParser.h; sourceTree = "<group>"; };
		8C94DA34182AF6EC004F8D22 /* SBJsonParser.m */ = {isa = PBXFileReference; fileEncoding = 4; lastKnownFileType = sourcecode.c.objc; path = SBJsonParser.m; sourceTree = "<group>"; };
		8C94DA35182AF6EC004F8D22 /* SBJsonStreamParser.h */ = {isa = PBXFileReference; fileEncoding = 4; lastKnownFileType = sourcecode.c.h; path = SBJsonStreamParser.h; sourceTree = "<group>"; };
		8C94DA36182AF6EC004F8D22 /* SBJsonStreamParser.m */ = {isa = PBXFileReference; fileEncoding = 4; lastKnownFileType = sourcecode.c.objc; path = SBJsonStreamParser.m; sourceTree = "<group>"; };
		8C94DA37182AF6EC004F8D22 /* SBJsonStreamParserAccumulator.h */ = {isa = PBXFileReference; fileEncoding = 4; lastKnownFileType = sourcecode.c.h; path = SBJsonStreamParserAccumulator.h; sourceTree = "<group>"; };
		8C94DA38182AF6EC004F8D22 /* SBJsonStreamParserAccumulator.m */ = {isa = PBXFileReference; fileEncoding = 4; lastKnownFileType = sourcecode.c.objc; path = SBJsonStreamParserAccumulator.m; sourceTree = "<group>"; };
		8C94DA39182AF6EC004F8D22 /* SBJsonStreamParserAdapter.h */ = {isa = PBXFileReference; fileEncoding = 4; lastKnownFileType = sourcecode.c.h; path = SBJsonStreamParserAdapter.h; sourceTree = "<group>"; };
		8C94DA3A182AF6EC004F8D22 /* SBJsonStreamParserAdapter.m */ = {isa = PBXFileReference; fileEncoding = 4; lastKnownFileType = sourcecode.c.objc; path = SBJsonStreamParserAdapter.m; sourceTree = "<group>"; };
		8C94DA3B182AF6EC004F8D22 /* SBJsonStreamParserState.h */ = {isa = PBXFileReference; fileEncoding = 4; lastKnownFileType = sourcecode.c.h; path = SBJsonStreamParserState.h; sourceTree = "<group>"; };
		8C94DA3C182AF6EC004F8D22 /* SBJsonStreamParserState.m */ = {isa = PBXFileReference; fileEncoding = 4; lastKnownFileType = sourcecode.c.objc; path = SBJsonStreamParserState.m; sourceTree = "<group>"; };
		8C94DA3D182AF6EC004F8D22 /* SBJsonStreamWriter.h */ = {isa = PBXFileReference; fileEncoding = 4; lastKnownFileType = sourcecode.c.h; path = SBJsonStreamWriter.h; sourceTree = "<group>"; };
		8C94DA3E182AF6EC004F8D22 /* SBJsonStreamWriter.m */ = {isa = PBXFileReference; fileEncoding = 4; lastKnownFileType = sourcecode.c.objc; path = SBJsonStreamWriter.m; sourceTree = "<group>"; };
		8C94DA3F182AF6EC004F8D22 /* SBJsonStreamWriterAccumulator.h */ = {isa = PBXFileReference; fileEncoding = 4; lastKnownFileType = sourcecode.c.h; path = SBJsonStreamWriterAccumulator.h; sourceTree = "<group>"; };
		8C94DA40182AF6EC004F8D22 /* SBJsonStreamWriterAccumulator.m */ = {isa = PBXFileReference; fileEncoding = 4; lastKnownFileType = sourcecode.c.objc; path = SBJsonStreamWriterAccumulator.m; sourceTree = "<group>"; };
		8C94DA41182AF6EC004F8D22 /* SBJsonStreamWriterState.h */ = {isa = PBXFileReference; fileEncoding = 4; lastKnownFileType = sourcecode.c.h; path = SBJsonStreamWriterState.h; sourceTree = "<group>"; };
		8C94DA42182AF6EC004F8D22 /* SBJsonStreamWriterState.m */ = {isa = PBXFileReference; fileEncoding = 4; lastKnownFileType = sourcecode.c.objc; path = SBJsonStreamWriterState.m; sourceTree = "<group>"; };
		8C94DA43182AF6EC004F8D22 /* SBJsonTokeniser.h */ = {isa = PBXFileReference; fileEncoding = 4; lastKnownFileType = sourcecode.c.h; path = SBJsonTokeniser.h; sourceTree = "<group>"; };
		8C94DA44182AF6EC004F8D22 /* SBJsonTokeniser.m */ = {isa = PBXFileReference; fileEncoding = 4; lastKnownFileType = sourcecode.c.objc; path = SBJsonTokeniser.m; sourceTree = "<group>"; };
		8C94DA45182AF6EC004F8D22 /* SBJsonUTF8Stream.h */ = {isa = PBXFileReference; fileEncoding = 4; lastKnownFileType = sourcecode.c.h; path = SBJsonUTF8Stream.h; sourceTree = "<group>"; };
		8C94DA46182AF6EC004F8D22 /* SBJsonUTF8Stream.m */ = {isa = PBXFileReference; fileEncoding = 4; lastKnownFileType = sourcecode.c.objc; path = SBJsonUTF8Stream.m; sourceTree = "<group>"; };
		8C94DA47182AF6EC004F8D22 /* SBJsonWriter.h */ = {isa = PBXFileReference; fileEncoding = 4; lastKnownFileType = sourcecode.c.h; path = SBJsonWriter.h; sourceTree = "<group>"; };
		8C94DA48182AF6EC004F8D22 /* SBJsonWriter.m */ = {isa = PBXFileReference; fileEncoding = 4; lastKnownFileType = sourcecode.c.objc; path = SBJsonWriter.m; sourceTree = "<group>"; };
		8C94DA57182C7BE0004F8D22 /* MainMenuViewController.h */ = {isa = PBXFileReference; fileEncoding = 4; lastKnownFileType = sourcecode.c.h; path = MainMenuViewController.h; sourceTree = "<group>"; };
		8C94DA58182C7BE0004F8D22 /* MainMenuViewController.m */ = {isa = PBXFileReference; fileEncoding = 4; lastKnownFileType = sourcecode.c.objc; path = MainMenuViewController.m; sourceTree = "<group>"; };
		8C94DA5A182C7C3C004F8D22 /* OLImage.h */ = {isa = PBXFileReference; fileEncoding = 4; lastKnownFileType = sourcecode.c.h; path = OLImage.h; sourceTree = "<group>"; };
		8C94DA5B182C7C3C004F8D22 /* OLImage.m */ = {isa = PBXFileReference; fileEncoding = 4; lastKnownFileType = sourcecode.c.objc; path = OLImage.m; sourceTree = "<group>"; };
		8C94DA5C182C7C3C004F8D22 /* OLImageView.h */ = {isa = PBXFileReference; fileEncoding = 4; lastKnownFileType = sourcecode.c.h; path = OLImageView.h; sourceTree = "<group>"; };
		8C94DA5D182C7C3C004F8D22 /* OLImageView.m */ = {isa = PBXFileReference; fileEncoding = 4; lastKnownFileType = sourcecode.c.objc; path = OLImageView.m; sourceTree = "<group>"; };
		8C94DA63182C8186004F8D22 /* MobileCoreServices.framework */ = {isa = PBXFileReference; lastKnownFileType = wrapper.framework; name = MobileCoreServices.framework; path = System/Library/Frameworks/MobileCoreServices.framework; sourceTree = SDKROOT; };
		8C94DA67182C8324004F8D22 /* logo.gif */ = {isa = PBXFileReference; lastKnownFileType = image.gif; name = logo.gif; path = ../logo.gif; sourceTree = "<group>"; };
		8CAEA548184C3E3300BE62BF /* bottomRow.png */ = {isa = PBXFileReference; lastKnownFileType = image.png; path = bottomRow.png; sourceTree = "<group>"; };
		8CAEA549184C3E3300BE62BF /* gradientBackground.png */ = {isa = PBXFileReference; lastKnownFileType = image.png; path = gradientBackground.png; sourceTree = "<group>"; };
		8CAEA54A184C3E3300BE62BF /* middleRow.png */ = {isa = PBXFileReference; lastKnownFileType = image.png; path = middleRow.png; sourceTree = "<group>"; };
		8CAEA54B184C3E3300BE62BF /* topAndBottomRow.png */ = {isa = PBXFileReference; lastKnownFileType = image.png; path = topAndBottomRow.png; sourceTree = "<group>"; };
		8CAEA54C184C3E3300BE62BF /* topRow.png */ = {isa = PBXFileReference; lastKnownFileType = image.png; path = topRow.png; sourceTree = "<group>"; };
/* End PBXFileReference section */

/* Begin PBXFrameworksBuildPhase section */
		011124EE18297E3300254757 /* Frameworks */ = {
			isa = PBXFrameworksBuildPhase;
			buildActionMask = 2147483647;
			files = (
				014039B8182C39A200FEA379 /* StoreKit.framework in Frameworks */,
				011D6FD41836962900463BBF /* AudioToolbox.framework in Frameworks */,
				011D6FD21836955A00463BBF /* AVFoundation.framework in Frameworks */,
				8C94DA64182C8187004F8D22 /* MobileCoreServices.framework in Frameworks */,
				01466299182C2198005E6162 /* iAd.framework in Frameworks */,
				0111252F18298AE800254757 /* MediaPlayer.framework in Frameworks */,
				014039BA182C3A1C00FEA379 /* GameKit.framework in Frameworks */,
				011124F718297E3400254757 /* CoreGraphics.framework in Frameworks */,
				011124F918297E3400254757 /* UIKit.framework in Frameworks */,
				011124F518297E3300254757 /* Foundation.framework in Frameworks */,
			);
			runOnlyForDeploymentPostprocessing = 0;
		};
/* End PBXFrameworksBuildPhase section */

/* Begin PBXGroup section */
		010CED0E183C4AAE00764A39 /* images */ = {
			isa = PBXGroup;
			children = (
				014BD248183FF76F00863D62 /* howtoplaycamera.gif */,
				014BD249183FF76F00863D62 /* howtoplaymoveattack.gif */,
				8C258151183959A2001D56B9 /* loading.jpg */,
				010CED0A183C4AA300764A39 /* youlose.png */,
				010CED0B183C4AA300764A39 /* youwin1.png */,
				8CAEA548184C3E3300BE62BF /* bottomRow.png */,
				8CAEA549184C3E3300BE62BF /* gradientBackground.png */,
				8CAEA54A184C3E3300BE62BF /* middleRow.png */,
				8CAEA54B184C3E3300BE62BF /* topAndBottomRow.png */,
				8CAEA54C184C3E3300BE62BF /* topRow.png */,
			);
			name = images;
			sourceTree = "<group>";
		};
		011124E818297E3300254757 = {
			isa = PBXGroup;
			children = (
				011124FA18297E3400254757 /* Enemy Unknown */,
				011124F318297E3300254757 /* Frameworks */,
				011124F218297E3300254757 /* Products */,
			);
			sourceTree = "<group>";
		};
		011124F218297E3300254757 /* Products */ = {
			isa = PBXGroup;
			children = (
				011124F118297E3300254757 /* Enemy Unknown.app */,
			);
			name = Products;
			sourceTree = "<group>";
		};
		011124F318297E3300254757 /* Frameworks */ = {
			isa = PBXGroup;
			children = (
				011D6FD31836962900463BBF /* AudioToolbox.framework */,
				011D6FD11836955A00463BBF /* AVFoundation.framework */,
				8C94DA63182C8186004F8D22 /* MobileCoreServices.framework */,
				014039B9182C3A1C00FEA379 /* GameKit.framework */,
				014039B7182C39A200FEA379 /* StoreKit.framework */,
				01466298182C2198005E6162 /* iAd.framework */,
				0111252E18298AE800254757 /* MediaPlayer.framework */,
				011124F418297E3300254757 /* Foundation.framework */,
				011124F618297E3400254757 /* CoreGraphics.framework */,
				011124F818297E3400254757 /* UIKit.framework */,
				0111251618297E3400254757 /* XCTest.framework */,
			);
			name = Frameworks;
			sourceTree = "<group>";
		};
		011124FA18297E3400254757 /* Enemy Unknown */ = {
			isa = PBXGroup;
			children = (
				011125361829974200254757 /* Resources */,
				8C94DA2B182AD57F004F8D22 /* Categories */,
				011D6FDE1836988500463BBF /* Models */,
				0111253318298B6500254757 /* Controllers */,
				0111250618297E3400254757 /* Main_iPhone.storyboard */,
				0111250918297E3400254757 /* Main_iPad.storyboard */,
				8C94DA55182C7A1D004F8D22 /* Libraries */,
				011124FB18297E3400254757 /* Supporting Files */,
			);
			path = "Enemy Unknown";
			sourceTree = "<group>";
		};
		011124FB18297E3400254757 /* Supporting Files */ = {
			isa = PBXGroup;
			children = (
				8C25815318469EFF001D56B9 /* product_ids.plist */,
				0111250318297E3400254757 /* EnemyUnknownAppDelegate.h */,
				0111250418297E3400254757 /* EnemyUnknownAppDelegate.m */,
				0111250F18297E3400254757 /* Images.xcassets */,
				011124FC18297E3400254757 /* Enemy Unknown-Info.plist */,
				011124FD18297E3400254757 /* InfoPlist.strings */,
				0111250018297E3400254757 /* main.m */,
				0111250218297E3400254757 /* Enemy Unknown-Prefix.pch */,
			);
			name = "Supporting Files";
			sourceTree = "<group>";
		};
		0111253318298B6500254757 /* Controllers */ = {
			isa = PBXGroup;
			children = (
				010CED07183C42FA00764A39 /* EndGameViewController.h */,
				010CED08183C42FA00764A39 /* EndGameViewController.m */,
				0126FEF9183C2D0D008476F0 /* AboutViewController.h */,
				0126FEFA183C2D0D008476F0 /* AboutViewController.m */,
				0126FEF3183C23DE008476F0 /* InAppPurchaseViewController.h */,
				0126FEF4183C23DE008476F0 /* InAppPurchaseViewController.m */,
				0146629A182C2C7E005E6162 /* LobbyViewController.h */,
				0146629B182C2C7E005E6162 /* LobbyViewController.m */,
				013B07BA182ACEF300E76CBF /* GameWebViewController.h */,
				013B07BB182ACEF300E76CBF /* GameWebViewController.m */,
				0111253C18299A5200254757 /* TrailerViewController.h */,
				0111253D18299A5200254757 /* TrailerViewController.m */,
				010B67861829F77F005C9B4B /* NoAnimationModalSegue.h */,
				010B67871829F77F005C9B4B /* NoAnimationModalSegue.m */,
				8C94DA57182C7BE0004F8D22 /* MainMenuViewController.h */,
				8C94DA58182C7BE0004F8D22 /* MainMenuViewController.m */,
				0126FEF6183C2AC0008476F0 /* HowToPlayViewController.h */,
				0126FEF7183C2AC0008476F0 /* HowToPlayViewController.m */,
			);
			name = Controllers;
			sourceTree = "<group>";
		};
		011125361829974200254757 /* Resources */ = {
			isa = PBXGroup;
			children = (
				010CED0E183C4AAE00764A39 /* images */,
				011D6FD71836974200463BBF /* Sounds */,
				8C94DA62182C7F61004F8D22 /* gifs */,
				011125371829974900254757 /* Trailer */,
			);
			name = Resources;
			sourceTree = "<group>";
		};
		011125371829974900254757 /* Trailer */ = {
			isa = PBXGroup;
			children = (
				011125451829A4F100254757 /* demo.m4v */,
			);
			name = Trailer;
			sourceTree = "<group>";
		};
		011D6FD71836974200463BBF /* Sounds */ = {
			isa = PBXGroup;
			children = (
				01E304B6184AF71800ECBA63 /* attack_1.mp3 */,
				01E304B7184AF71800ECBA63 /* attack_2.mp3 */,
				01E304B8184AF71800ECBA63 /* attack1.mp3 */,
				01E304B9184AF71800ECBA63 /* attack2.mp3 */,
				01E304BA184AF71800ECBA63 /* background.mp3 */,
				01E304BB184AF71800ECBA63 /* die.mp3 */,
				01E304BC184AF71800ECBA63 /* flagcap.mp3 */,
				01E304BD184AF71800ECBA63 /* gothit.mp3 */,
				01E304BE184AF71800ECBA63 /* kill.mp3 */,
				01E304BF184AF71800ECBA63 /* ko.mp3 */,
				011D6FD51836972E00463BBF /* menu.mp3 */,
			);
			name = Sounds;
			sourceTree = "<group>";
		};
		011D6FDE1836988500463BBF /* Models */ = {
			isa = PBXGroup;
			children = (
				011D6FDB1836987100463BBF /* MusicController.h */,
				011D6FDC1836987100463BBF /* MusicController.m */,
			);
			name = Models;
			sourceTree = "<group>";
		};
		8C94DA2B182AD57F004F8D22 /* Categories */ = {
			isa = PBXGroup;
			children = (
				8C94DA2C182AD60C004F8D22 /* UIWebView+EUAdditions.h */,
				8C94DA2D182AD60C004F8D22 /* UIWebView+EUAdditions.m */,
			);
			name = Categories;
			sourceTree = "<group>";
		};
		8C94DA2F182AF6EC004F8D22 /* SBJson */ = {
			isa = PBXGroup;
			children = (
				8C94DA30182AF6EC004F8D22 /* NSObject+SBJson.h */,
				8C94DA31182AF6EC004F8D22 /* NSObject+SBJson.m */,
				8C94DA32182AF6EC004F8D22 /* SBJson.h */,
				8C94DA33182AF6EC004F8D22 /* SBJsonParser.h */,
				8C94DA34182AF6EC004F8D22 /* SBJsonParser.m */,
				8C94DA35182AF6EC004F8D22 /* SBJsonStreamParser.h */,
				8C94DA36182AF6EC004F8D22 /* SBJsonStreamParser.m */,
				8C94DA37182AF6EC004F8D22 /* SBJsonStreamParserAccumulator.h */,
				8C94DA38182AF6EC004F8D22 /* SBJsonStreamParserAccumulator.m */,
				8C94DA39182AF6EC004F8D22 /* SBJsonStreamParserAdapter.h */,
				8C94DA3A182AF6EC004F8D22 /* SBJsonStreamParserAdapter.m */,
				8C94DA3B182AF6EC004F8D22 /* SBJsonStreamParserState.h */,
				8C94DA3C182AF6EC004F8D22 /* SBJsonStreamParserState.m */,
				8C94DA3D182AF6EC004F8D22 /* SBJsonStreamWriter.h */,
				8C94DA3E182AF6EC004F8D22 /* SBJsonStreamWriter.m */,
				8C94DA3F182AF6EC004F8D22 /* SBJsonStreamWriterAccumulator.h */,
				8C94DA40182AF6EC004F8D22 /* SBJsonStreamWriterAccumulator.m */,
				8C94DA41182AF6EC004F8D22 /* SBJsonStreamWriterState.h */,
				8C94DA42182AF6EC004F8D22 /* SBJsonStreamWriterState.m */,
				8C94DA43182AF6EC004F8D22 /* SBJsonTokeniser.h */,
				8C94DA44182AF6EC004F8D22 /* SBJsonTokeniser.m */,
				8C94DA45182AF6EC004F8D22 /* SBJsonUTF8Stream.h */,
				8C94DA46182AF6EC004F8D22 /* SBJsonUTF8Stream.m */,
				8C94DA47182AF6EC004F8D22 /* SBJsonWriter.h */,
				8C94DA48182AF6EC004F8D22 /* SBJsonWriter.m */,
			);
			path = SBJson;
			sourceTree = "<group>";
		};
		8C94DA55182C7A1D004F8D22 /* Libraries */ = {
			isa = PBXGroup;
			children = (
				8C94DA56182C7A35004F8D22 /* OLImage */,
				8C94DA2F182AF6EC004F8D22 /* SBJson */,
			);
			name = Libraries;
			sourceTree = "<group>";
		};
		8C94DA56182C7A35004F8D22 /* OLImage */ = {
			isa = PBXGroup;
			children = (
				8C94DA5A182C7C3C004F8D22 /* OLImage.h */,
				8C94DA5B182C7C3C004F8D22 /* OLImage.m */,
				8C94DA5C182C7C3C004F8D22 /* OLImageView.h */,
				8C94DA5D182C7C3C004F8D22 /* OLImageView.m */,
			);
			name = OLImage;
			sourceTree = "<group>";
		};
		8C94DA62182C7F61004F8D22 /* gifs */ = {
			isa = PBXGroup;
			children = (
				8C94DA67182C8324004F8D22 /* logo.gif */,
			);
			name = gifs;
			sourceTree = "<group>";
		};
/* End PBXGroup section */

/* Begin PBXNativeTarget section */
		011124F018297E3300254757 /* Enemy Unknown */ = {
			isa = PBXNativeTarget;
			buildConfigurationList = 0111252618297E3400254757 /* Build configuration list for PBXNativeTarget "Enemy Unknown" */;
			buildPhases = (
				011124ED18297E3300254757 /* Sources */,
				011124EE18297E3300254757 /* Frameworks */,
				011124EF18297E3300254757 /* Resources */,
			);
			buildRules = (
			);
			dependencies = (
			);
			name = "Enemy Unknown";
			productName = "Enemy Unknown";
			productReference = 011124F118297E3300254757 /* Enemy Unknown.app */;
			productType = "com.apple.product-type.application";
		};
/* End PBXNativeTarget section */

/* Begin PBXProject section */
		011124E918297E3300254757 /* Project object */ = {
			isa = PBXProject;
			attributes = {
				CLASSPREFIX = "Enemy Unknown";
				LastUpgradeCheck = 0500;
				ORGANIZATIONNAME = "Comp 446";
				TargetAttributes = {
					011124F018297E3300254757 = {
						DevelopmentTeam = 3562NZ28A9;
						SystemCapabilities = {
							com.apple.BackgroundModes = {
								enabled = 0;
							};
							com.apple.GameCenter = {
								enabled = 1;
							};
							com.apple.InAppPurchase = {
								enabled = 1;
							};
						};
					};
				};
			};
			buildConfigurationList = 011124EC18297E3300254757 /* Build configuration list for PBXProject "Enemy Unknown" */;
			compatibilityVersion = "Xcode 3.2";
			developmentRegion = English;
			hasScannedForEncodings = 0;
			knownRegions = (
				en,
				Base,
			);
			mainGroup = 011124E818297E3300254757;
			productRefGroup = 011124F218297E3300254757 /* Products */;
			projectDirPath = "";
			projectRoot = "";
			targets = (
				011124F018297E3300254757 /* Enemy Unknown */,
			);
		};
/* End PBXProject section */

/* Begin PBXResourcesBuildPhase section */
		011124EF18297E3300254757 /* Resources */ = {
			isa = PBXResourcesBuildPhase;
			buildActionMask = 2147483647;
			files = (
				8CAEA550184C3E3300BE62BF /* topAndBottomRow.png in Resources */,
				8C258152183959A2001D56B9 /* loading.jpg in Resources */,
				8CAEA54D184C3E3300BE62BF /* bottomRow.png in Resources */,
				014BD24A183FF76F00863D62 /* howtoplaycamera.gif in Resources */,
				014BD24B183FF76F00863D62 /* howtoplaymoveattack.gif in Resources */,
				011D6FDA183697CC00463BBF /* menu.mp3 in Resources */,
				010CED0C183C4AA300764A39 /* youlose.png in Resources */,
				010CED0D183C4AA300764A39 /* youwin1.png in Resources */,
				8CAEA551184C3E3300BE62BF /* topRow.png in Resources */,
				8CAEA54F184C3E3300BE62BF /* middleRow.png in Resources */,
				0111250B18297E3400254757 /* Main_iPad.storyboard in Resources */,
				8C94DA68182C8324004F8D22 /* logo.gif in Resources */,
				011125461829A4F100254757 /* demo.m4v in Resources */,
				8C25815418469EFF001D56B9 /* product_ids.plist in Resources */,
				0111251018297E3400254757 /* Images.xcassets in Resources */,
				0111250818297E3400254757 /* Main_iPhone.storyboard in Resources */,
				8CAEA54E184C3E3300BE62BF /* gradientBackground.png in Resources */,
				011124FF18297E3400254757 /* InfoPlist.strings in Resources */,
			);
			runOnlyForDeploymentPostprocessing = 0;
		};
/* End PBXResourcesBuildPhase section */

/* Begin PBXSourcesBuildPhase section */
		011124ED18297E3300254757 /* Sources */ = {
			isa = PBXSourcesBuildPhase;
			buildActionMask = 2147483647;
			files = (
				8C94DA52182AF6EC004F8D22 /* SBJsonTokeniser.m in Sources */,
				8C94DA2E182AD60C004F8D22 /* UIWebView+EUAdditions.m in Sources */,
				0126FEF5183C23DE008476F0 /* InAppPurchaseViewController.m in Sources */,
				0111250518297E3400254757 /* EnemyUnknownAppDelegate.m in Sources */,
				010CED09183C42FA00764A39 /* EndGameViewController.m in Sources */,
				8C94DA4E182AF6EC004F8D22 /* SBJsonStreamParserState.m in Sources */,
				0111253F18299A5200254757 /* TrailerViewController.m in Sources */,
				010B67881829F77F005C9B4B /* NoAnimationModalSegue.m in Sources */,
				013B07BC182ACEF300E76CBF /* GameWebViewController.m in Sources */,
				8C94DA54182AF6EC004F8D22 /* SBJsonWriter.m in Sources */,
				0146629C182C2C7E005E6162 /* LobbyViewController.m in Sources */,
				0111250118297E3400254757 /* main.m in Sources */,
				8C94DA4C182AF6EC004F8D22 /* SBJsonStreamParserAccumulator.m in Sources */,
				8C94DA4A182AF6EC004F8D22 /* SBJsonParser.m in Sources */,
				8C94DA49182AF6EC004F8D22 /* NSObject+SBJson.m in Sources */,
				8C94DA59182C7BE0004F8D22 /* MainMenuViewController.m in Sources */,
				011D6FDD1836987100463BBF /* MusicController.m in Sources */,
				8C94DA53182AF6EC004F8D22 /* SBJsonUTF8Stream.m in Sources */,
				8C94DA5F182C7C3C004F8D22 /* OLImageView.m in Sources */,
				8C94DA50182AF6EC004F8D22 /* SBJsonStreamWriterAccumulator.m in Sources */,
				8C94DA4F182AF6EC004F8D22 /* SBJsonStreamWriter.m in Sources */,
				8C94DA51182AF6EC004F8D22 /* SBJsonStreamWriterState.m in Sources */,
				8C94DA4B182AF6EC004F8D22 /* SBJsonStreamParser.m in Sources */,
				8C94DA5E182C7C3C004F8D22 /* OLImage.m in Sources */,
				0126FEF8183C2AC0008476F0 /* HowToPlayViewController.m in Sources */,
				0126FEFB183C2D0D008476F0 /* AboutViewController.m in Sources */,
				8C94DA4D182AF6EC004F8D22 /* SBJsonStreamParserAdapter.m in Sources */,
			);
			runOnlyForDeploymentPostprocessing = 0;
		};
/* End PBXSourcesBuildPhase section */

/* Begin PBXVariantGroup section */
		011124FD18297E3400254757 /* InfoPlist.strings */ = {
			isa = PBXVariantGroup;
			children = (
				011124FE18297E3400254757 /* en */,
			);
			name = InfoPlist.strings;
			sourceTree = "<group>";
		};
		0111250618297E3400254757 /* Main_iPhone.storyboard */ = {
			isa = PBXVariantGroup;
			children = (
				0111250718297E3400254757 /* Base */,
			);
			name = Main_iPhone.storyboard;
			sourceTree = "<group>";
		};
		0111250918297E3400254757 /* Main_iPad.storyboard */ = {
			isa = PBXVariantGroup;
			children = (
				0111250A18297E3400254757 /* Base */,
			);
			name = Main_iPad.storyboard;
			sourceTree = "<group>";
		};
/* End PBXVariantGroup section */

/* Begin XCBuildConfiguration section */
		0111252418297E3400254757 /* Debug */ = {
			isa = XCBuildConfiguration;
			buildSettings = {
				ALWAYS_SEARCH_USER_PATHS = NO;
				ARCHS = "$(ARCHS_STANDARD_INCLUDING_64_BIT)";
				CLANG_CXX_LANGUAGE_STANDARD = "gnu++0x";
				CLANG_CXX_LIBRARY = "libc++";
				CLANG_ENABLE_MODULES = YES;
				CLANG_ENABLE_OBJC_ARC = YES;
				CLANG_WARN_BOOL_CONVERSION = YES;
				CLANG_WARN_CONSTANT_CONVERSION = YES;
				CLANG_WARN_DIRECT_OBJC_ISA_USAGE = YES_ERROR;
				CLANG_WARN_EMPTY_BODY = YES;
				CLANG_WARN_ENUM_CONVERSION = YES;
				CLANG_WARN_INT_CONVERSION = YES;
				CLANG_WARN_OBJC_ROOT_CLASS = YES_ERROR;
				CLANG_WARN__DUPLICATE_METHOD_MATCH = YES;
				"CODE_SIGN_IDENTITY[sdk=iphoneos*]" = "iPhone Developer";
				COPY_PHASE_STRIP = NO;
				GCC_C_LANGUAGE_STANDARD = gnu99;
				GCC_DYNAMIC_NO_PIC = NO;
				GCC_OPTIMIZATION_LEVEL = 0;
				GCC_PREPROCESSOR_DEFINITIONS = (
					"DEBUG=1",
					"$(inherited)",
				);
				GCC_SYMBOLS_PRIVATE_EXTERN = NO;
				GCC_WARN_64_TO_32_BIT_CONVERSION = YES;
				GCC_WARN_ABOUT_RETURN_TYPE = YES_ERROR;
				GCC_WARN_UNDECLARED_SELECTOR = YES;
				GCC_WARN_UNINITIALIZED_AUTOS = YES;
				GCC_WARN_UNUSED_FUNCTION = YES;
				GCC_WARN_UNUSED_VARIABLE = YES;
				IPHONEOS_DEPLOYMENT_TARGET = 7.0;
				ONLY_ACTIVE_ARCH = YES;
				SDKROOT = iphoneos;
				TARGETED_DEVICE_FAMILY = "1,2";
			};
			name = Debug;
		};
		0111252518297E3400254757 /* Release */ = {
			isa = XCBuildConfiguration;
			buildSettings = {
				ALWAYS_SEARCH_USER_PATHS = NO;
				ARCHS = "$(ARCHS_STANDARD_INCLUDING_64_BIT)";
				CLANG_CXX_LANGUAGE_STANDARD = "gnu++0x";
				CLANG_CXX_LIBRARY = "libc++";
				CLANG_ENABLE_MODULES = YES;
				CLANG_ENABLE_OBJC_ARC = YES;
				CLANG_WARN_BOOL_CONVERSION = YES;
				CLANG_WARN_CONSTANT_CONVERSION = YES;
				CLANG_WARN_DIRECT_OBJC_ISA_USAGE = YES_ERROR;
				CLANG_WARN_EMPTY_BODY = YES;
				CLANG_WARN_ENUM_CONVERSION = YES;
				CLANG_WARN_INT_CONVERSION = YES;
				CLANG_WARN_OBJC_ROOT_CLASS = YES_ERROR;
				CLANG_WARN__DUPLICATE_METHOD_MATCH = YES;
				"CODE_SIGN_IDENTITY[sdk=iphoneos*]" = "iPhone Developer";
				COPY_PHASE_STRIP = YES;
				ENABLE_NS_ASSERTIONS = NO;
				GCC_C_LANGUAGE_STANDARD = gnu99;
				GCC_WARN_64_TO_32_BIT_CONVERSION = YES;
				GCC_WARN_ABOUT_RETURN_TYPE = YES_ERROR;
				GCC_WARN_UNDECLARED_SELECTOR = YES;
				GCC_WARN_UNINITIALIZED_AUTOS = YES;
				GCC_WARN_UNUSED_FUNCTION = YES;
				GCC_WARN_UNUSED_VARIABLE = YES;
				IPHONEOS_DEPLOYMENT_TARGET = 7.0;
				SDKROOT = iphoneos;
				TARGETED_DEVICE_FAMILY = "1,2";
				VALIDATE_PRODUCT = YES;
			};
			name = Release;
		};
		0111252718297E3400254757 /* Debug */ = {
			isa = XCBuildConfiguration;
			buildSettings = {
				ASSETCATALOG_COMPILER_APPICON_NAME = AppIcon;
				ASSETCATALOG_COMPILER_LAUNCHIMAGE_NAME = LaunchImage;
				CODE_SIGN_IDENTITY = "iPhone Developer";
				"CODE_SIGN_IDENTITY[sdk=iphoneos*]" = "iPhone Developer";
				GCC_PRECOMPILE_PREFIX_HEADER = YES;
				GCC_PREFIX_HEADER = "Enemy Unknown/Enemy Unknown-Prefix.pch";
				INFOPLIST_FILE = "Enemy Unknown/Enemy Unknown-Info.plist";
				PRODUCT_NAME = "$(TARGET_NAME)";
				PROVISIONING_PROFILE = "";
				WRAPPER_EXTENSION = app;
			};
			name = Debug;
		};
		0111252818297E3400254757 /* Release */ = {
			isa = XCBuildConfiguration;
			buildSettings = {
				ASSETCATALOG_COMPILER_APPICON_NAME = AppIcon;
				ASSETCATALOG_COMPILER_LAUNCHIMAGE_NAME = LaunchImage;
				CODE_SIGN_IDENTITY = "iPhone Developer";
				"CODE_SIGN_IDENTITY[sdk=iphoneos*]" = "iPhone Developer";
				GCC_PRECOMPILE_PREFIX_HEADER = YES;
				GCC_PREFIX_HEADER = "Enemy Unknown/Enemy Unknown-Prefix.pch";
				INFOPLIST_FILE = "Enemy Unknown/Enemy Unknown-Info.plist";
				PRODUCT_NAME = "$(TARGET_NAME)";
				PROVISIONING_PROFILE = "";
				WRAPPER_EXTENSION = app;
			};
			name = Release;
		};
/* End XCBuildConfiguration section */

/* Begin XCConfigurationList section */
		011124EC18297E3300254757 /* Build configuration list for PBXProject "Enemy Unknown" */ = {
			isa = XCConfigurationList;
			buildConfigurations = (
				0111252418297E3400254757 /* Debug */,
				0111252518297E3400254757 /* Release */,
			);
			defaultConfigurationIsVisible = 0;
			defaultConfigurationName = Release;
		};
		0111252618297E3400254757 /* Build configuration list for PBXNativeTarget "Enemy Unknown" */ = {
			isa = XCConfigurationList;
			buildConfigurations = (
				0111252718297E3400254757 /* Debug */,
				0111252818297E3400254757 /* Release */,
			);
			defaultConfigurationIsVisible = 0;
			defaultConfigurationName = Release;
		};
/* End XCConfigurationList section */
	};
	rootObject = 011124E918297E3300254757 /* Project object */;
}
